
Microsoft Visual Studio Solution File, Format Version 12.00
# Visual Studio Version 17
VisualStudioVersion = 17.5.33516.290
MinimumVisualStudioVersion = 10.0.40219.1
Project("{9A19103F-16F7-4668-BE54-9A1E7A4F7556}") = "TestREA", "TestREA.csproj", "{AFB17EBB-B414-4080-8D60-97DB9FA653B0}"
EndProject
Global
	GlobalSection(SolutionConfigurationPlatforms) = preSolution
		Debug|Any CPU = Debug|Any CPU
		Release|Any CPU = Release|Any CPU
	EndGlobalSection
	GlobalSection(ProjectConfigurationPlatforms) = postSolution
		{AFB17EBB-B414-4080-8D60-97DB9FA653B0}.Debug|Any CPU.ActiveCfg = Debug|Any CPU
		{AFB17EBB-B414-4080-8D60-97DB9FA653B0}.Debug|Any CPU.Build.0 = Debug|Any CPU
		{AFB17EBB-B414-4080-8D60-97DB9FA653B0}.Release|Any CPU.ActiveCfg = Release|Any CPU
		{AFB17EBB-B414-4080-8D60-97DB9FA653B0}.Release|Any CPU.Build.0 = Release|Any CPU
	EndGlobalSection
	GlobalSection(SolutionProperties) = preSolution
		HideSolutionNode = FALSE
	EndGlobalSection
	GlobalSection(ExtensibilityGlobals) = postSolution
		SolutionGuid = {F6321D27-549F-4684-85DC-C28F7F1E8406}
	EndGlobalSection
EndGlobal
